# This file is automatically @generated by Cargo.
# It is not intended for manual editing.
version = 4

[[package]]
name = "alloc-no-stdlib"
version = "3.0.0"
source = "registry+https://github.com/rust-lang/crates.io-index"
checksum = "c2fb6cfd47bf496ff64095c20eaba0c201404ee38714d4142fcfa1dc334fcc7a"

[[package]]
name = "alloc-stdlib"
version = "0.3.0"
source = "registry+https://github.com/rust-lang/crates.io-index"
checksum = "0b5c1865780388bfa186411ab5f247819487fc4864c6e9c3106611fa347586e1"
dependencies = [
 "alloc-no-stdlib",
]

[[package]]
name = "brotli"
version = "9.0.0"
source = "registry+https://github.com/rust-lang/crates.io-index"
checksum = "f8b851b75c23ca7873623d612fe49bd1989aeb03d08fb9432187eb253d3d4c6b"
dependencies = [
 "alloc-no-stdlib",
 "alloc-stdlib",
 "brotli-decompressor",
]

[[package]]
name = "brotli-decompressor"
version = "6.0.1"
source = "registry+https://github.com/rust-lang/crates.io-index"
checksum = "941cd9bd4ddab83cb46fa5a2d428f1c857b24ac78cb876cf7beb710840934bd7"
dependencies = [
 "alloc-no-stdlib",
 "alloc-stdlib",
]

[[package]]
name = "cfg-if"
version = "1.0.5"
source = "registry+https://github.com/rust-lang/crates.io-index"
checksum = "4e7648175b45a9a48536d676f68d918270699102aa8dab5496df06904c914600"

[[package]]
name = "crc32fast"
version = "1.5.2"
source = "registry+https://github.com/rust-lang/crates.io-index"
checksum = "01a7799fd6b852db0e61728dde9a204c423b44d689dbd432522543614b490e78"
dependencies = [
 "cfg-if",
]

[[package]]
name = "ppmd-rust"
version = "1.5.0"
source = "registry+https://github.com/rust-lang/crates.io-index"
checksum = "196a7c80b9a7652aba7cc070827516c2abe4ccdf53d128e1944003cf5726cff1"

[[package]]
name = "saerskriven-brotli"
version = "0.0.0"
dependencies = [
 "saerskriven-brotli-codec",
]

[[package]]
name = "saerskriven-brotli-codec"
version = "0.0.0"
dependencies = [
 "brotli",
 "crc32fast",
 "ppmd-rust",
]
